// !$*UTF8*$!
{
	archiveVersion = 1;
	classes = {
	};
	objectVersion = 56;
	objects = {

/* Begin PBXBuildFile section */
		21B3B60E2AD9632C0034932E /* BalanceControlVWApp.swift in Sources */ = {isa = PBXBuildFile; fileRef = 21B3B60D2AD9632C0034932E /* BalanceControlVWApp.swift */; };
		21B3B6102AD9632C0034932E /* ContentView.swift in Sources */ = {isa = PBXBuildFile; fileRef = 21B3B60F2AD9632C0034932E /* ContentView.swift */; };
		21B3B6122AD9632D0034932E /* Assets.xcassets in Resources */ = {isa = PBXBuildFile; fileRef = 21B3B6112AD9632D0034932E /* Assets.xcassets */; };
		21B3B6152AD9632D0034932E /* Preview Assets.xcassets in Resources */ = {isa = PBXBuildFile; fileRef = 21B3B6142AD9632D0034932E /* Preview Assets.xcassets */; };
		21B3B61F2AD9632D0034932E /* BalanceControlVWTests.swift in Sources */ = {isa = PBXBuildFile; fileRef = 21B3B61E2AD9632D0034932E /* BalanceControlVWTests.swift */; };
		21B3B6292AD9632D0034932E /* BalanceControlVWUITests.swift in Sources */ = {isa = PBXBuildFile; fileRef = 21B3B6282AD9632D0034932E /* BalanceControlVWUITests.swift */; };
		21B3B62B2AD9632D0034932E /* BalanceControlVWUITestsLaunchTests.swift in Sources */ = {isa = PBXBuildFile; fileRef = 21B3B62A2AD9632D0034932E /* BalanceControlVWUITestsLaunchTests.swift */; };
/* End PBXBuildFile section */

/* Begin PBXContainerItemProxy section */
		21B3B61B2AD9632D0034932E /* PBXContainerItemProxy */ = {
			isa = PBXContainerItemProxy;
			containerPortal = 21B3B6022AD9632C0034932E /* Project object */;
			proxyType = 1;
			remoteGlobalIDString = 21B3B6092AD9632C0034932E;
			remoteInfo = BalanceControlVW;
		};
		21B3B6252AD9632D0034932E /* PBXContainerItemProxy */ = {
			isa = PBXContainerItemProxy;
			containerPortal = 21B3B6022AD9632C0034932E /* Project object */;
			proxyType = 1;
			remoteGlobalIDString = 21B3B6092AD9632C0034932E;
			remoteInfo = BalanceControlVW;
		};
/* End PBXContainerItemProxy section */

/* Begin PBXFileReference section */
		21B3B60A2AD9632C0034932E /* BalanceControlVW.app */ = {isa = PBXFileReference; explicitFileType = wrapper.application; includeInIndex = 0; path = BalanceControlVW.app; sourceTree = BUILT_PRODUCTS_DIR; };
		21B3B60D2AD9632C0034932E /* BalanceControlVWApp.swift */ = {isa = PBXFileReference; lastKnownFileType = sourcecode.swift; path = BalanceControlVWApp.swift; sourceTree = "<group>"; };
		21B3B60F2AD9632C0034932E /* ContentView.swift */ = {isa = PBXFileReference; lastKnownFileType = sourcecode.swift; path = ContentView.swift; sourceTree = "<group>"; };
		21B3B6112AD9632D0034932E /* Assets.xcassets */ = {isa = PBXFileReference; lastKnownFileType = folder.assetcatalog; path = Assets.xcassets; sourceTree = "<group>"; };
		21B3B6142AD9632D0034932E /* Preview Assets.xcassets */ = {isa = PBXFileReference; lastKnownFileType = folder.assetcatalog; path = "Preview Assets.xcassets"; sourceTree = "<group>"; };
		21B3B61A2AD9632D0034932E /* BalanceControlVWTests.xctest */ = {isa = PBXFileReference; explicitFileType = wrapper.cfbundle; includeInIndex = 0; path = BalanceControlVWTests.xctest; sourceTree = BUILT_PRODUCTS_DIR; };
		21B3B61E2AD9632D0034932E /* BalanceControlVWTests.swift */ = {isa = PBXFileReference; lastKnownFileType = sourcecode.swift; path = BalanceControlVWTests.swift; sourceTree = "<group>"; };
		21B3B6242AD9632D0034932E /* BalanceControlVWUITests.xctest */ = {isa = PBXFileReference; explicitFileType = wrapper.cfbundle; includeInIndex = 0; path = BalanceControlVWUITests.xctest; sourceTree = BUILT_PRODUCTS_DIR; };
		21B3B6282AD9632D0034932E /* BalanceControlVWUITests.swift */ = {isa = PBXFileReference; lastKnownFileType = sourcecode.swift; path = BalanceControlVWUITests.swift; sourceTree = "<group>"; };
		21B3B62A2AD9632D0034932E /* BalanceControlVWUITestsLaunchTests.swift */ = {isa = PBXFileReference; lastKnownFileType = sourcecode.swift; path = BalanceControlVWUITestsLaunchTests.swift; sourceTree = "<group>"; };
/* End PBXFileReference section */

/* Begin PBXFrameworksBuildPhase section */
		21B3B6072AD9632C0034932E /* Frameworks */ = {
			isa = PBXFrameworksBuildPhase;
			buildActionMask = 2147483647;
			files = (
			);
			runOnlyForDeploymentPostprocessing = 0;
		};
		21B3B6172AD9632D0034932E /* Frameworks */ = {
			isa = PBXFrameworksBuildPhase;
			buildActionMask = 2147483647;
			files = (
			);
			runOnlyForDeploymentPostprocessing = 0;
		};
		21B3B6212AD9632D0034932E /* Frameworks */ = {
			isa = PBXFrameworksBuildPhase;
			buildActionMask = 2147483647;
			files = (
			);
			runOnlyForDeploymentPostprocessing = 0;
		};
/* End PBXFrameworksBuildPhase section */

/* Begin PBXGroup section */
		21B3B6012AD9632C0034932E = {
			isa = PBXGroup;
			children = (
				21B3B60C2AD9632C0034932E /* BalanceControlVW */,
				21B3B61D2AD9632D0034932E /* BalanceControlVWTests */,
				21B3B6272AD9632D0034932E /* BalanceControlVWUITests */,
				21B3B60B2AD9632C0034932E /* Products */,
			);
			sourceTree = "<group>";
		};
		21B3B60B2AD9632C0034932E /* Products */ = {
			isa = PBXGroup;
			children = (
				21B3B60A2AD9632C0034932E /* BalanceControlVW.app */,
				21B3B61A2AD9632D0034932E /* BalanceControlVWTests.xctest */,
				21B3B6242AD9632D0034932E /* BalanceControlVWUITests.xctest */,
			);
			name = Products;
			sourceTree = "<group>";
		};
		21B3B60C2AD9632C0034932E /* BalanceControlVW */ = {
			isa = PBXGroup;
			children = (
				21B3B60D2AD9632C0034932E /* BalanceControlVWApp.swift */,
				21B3B60F2AD9632C0034932E /* ContentView.swift */,
				21B3B6112AD9632D0034932E /* Assets.xcassets */,
				21B3B6132AD9632D0034932E /* Preview Content */,
			);
			path = BalanceControlVW;
			sourceTree = "<group>";
		};
		21B3B6132AD9632D0034932E /* Preview Content */ = {
			isa = PBXGroup;
			children = (
				21B3B6142AD9632D0034932E /* Preview Assets.xcassets */,
			);
			path = "Preview Content";
			sourceTree = "<group>";
		};
		21B3B61D2AD9632D0034932E /* BalanceControlVWTests */ = {
			isa = PBXGroup;
			children = (
				21B3B61E2AD9632D0034932E /* BalanceControlVWTests.swift */,
			);
			path = BalanceControlVWTests;
			sourceTree = "<group>";
		};
		21B3B6272AD9632D0034932E /* BalanceControlVWUITests */ = {
			isa = PBXGroup;
			children = (
				21B3B6282AD9632D0034932E /* BalanceControlVWUITests.swift */,
				21B3B62A2AD9632D0034932E /* BalanceControlVWUITestsLaunchTests.swift */,
			);
			path = BalanceControlVWUITests;
			sourceTree = "<group>";
		};
/* End PBXGroup section */

/* Begin PBXNativeTarget section */
		21B3B6092AD9632C0034932E /* BalanceControlVW */ = {
			isa = PBXNativeTarget;
			buildConfigurationList = 21B3B62E2AD9632D0034932E /* Build configuration list for PBXNativeTarget "BalanceControlVW" */;
			buildPhases = (
				21B3B6062AD9632C0034932E /* Sources */,
				21B3B6072AD9632C0034932E /* Frameworks */,
				21B3B6082AD9632C0034932E /* Resources */,
			);
			buildRules = (
			);
			dependencies = (
			);
			name = BalanceControlVW;
			productName = BalanceControlVW;
			productReference = 21B3B60A2AD9632C0034932E /* BalanceControlVW.app */;
			productType = "com.apple.product-type.application";
		};
		21B3B6192AD9632D0034932E /* BalanceControlVWTests */ = {
			isa = PBXNativeTarget;
			buildConfigurationList = 21B3B6312AD9632D0034932E /* Build configuration list for PBXNativeTarget "BalanceControlVWTests" */;
			buildPhases = (
				21B3B6162AD9632D0034932E /* Sources */,
				21B3B6172AD9632D0034932E /* Frameworks */,
				21B3B6182AD9632D0034932E /* Resources */,
			);
			buildRules = (
			);
			dependencies = (
				21B3B61C2AD9632D0034932E /* PBXTargetDependency */,
			);
			name = BalanceControlVWTests;
			productName = BalanceControlVWTests;
			productReference = 21B3B61A2AD9632D0034932E /* BalanceControlVWTests.xctest */;
			productType = "com.apple.product-type.bundle.unit-test";
		};
		21B3B6232AD9632D0034932E /* BalanceControlVWUITests */ = {
			isa = PBXNativeTarget;
			buildConfigurationList = 21B3B6342AD9632D0034932E /* Build configuration list for PBXNativeTarget "BalanceControlVWUITests" */;
			buildPhases = (
				21B3B6202AD9632D0034932E /* Sources */,
				21B3B6212AD9632D0034932E /* Frameworks */,
				21B3B6222AD9632D0034932E /* Resources */,
			);
			buildRules = (
			);
			dependencies = (
				21B3B6262AD9632D0034932E /* PBXTargetDependency */,
			);
			name = BalanceControlVWUITests;
			productName = BalanceControlVWUITests;
			productReference = 21B3B6242AD9632D0034932E /* BalanceControlVWUITests.xctest */;
			productType = "com.apple.product-type.bundle.ui-testing";
		};
/* End PBXNativeTarget section */

/* Begin PBXProject section */
		21B3B6022AD9632C0034932E /* Project object */ = {
			isa = PBXProject;
			attributes = {
				BuildIndependentTargetsInParallel = 1;
				LastSwiftUpdateCheck = 1400;
				LastUpgradeCheck = 1400;
				TargetAttributes = {
					21B3B6092AD9632C0034932E = {
						CreatedOnToolsVersion = 14.0;
					};
					21B3B6192AD9632D0034932E = {
						CreatedOnToolsVersion = 14.0;
						TestTargetID = 21B3B6092AD9632C0034932E;
					};
					21B3B6232AD9632D0034932E = {
						CreatedOnToolsVersion = 14.0;
						TestTargetID = 21B3B6092AD9632C0034932E;
					};
				};
			};
			buildConfigurationList = 21B3B6052AD9632C0034932E /* Build configuration list for PBXProject "BalanceControlVW" */;
			compatibilityVersion = "Xcode 14.0";
			developmentRegion = en;
			hasScannedForEncodings = 0;
			knownRegions = (
				en,
				Base,
			);
			mainGroup = 21B3B6012AD9632C0034932E;
			productRefGroup = 21B3B60B2AD9632C0034932E /* Products */;
			projectDirPath = "";
			projectRoot = "";
			targets = (
				21B3B6092AD9632C0034932E /* BalanceControlVW */,
				21B3B6192AD9632D0034932E /* BalanceControlVWTests */,
				21B3B6232AD9632D0034932E /* BalanceControlVWUITests */,
			);
		};
/* End PBXProject section */

/* Begin PBXResourcesBuildPhase section */
		21B3B6082AD9632C0034932E /* Resources */ = {
			isa = PBXResourcesBuildPhase;
			buildActionMask = 2147483647;
			files = (
				21B3B6152AD9632D0034932E /* Preview Assets.xcassets in Resources */,
				21B3B6122AD9632D0034932E /* Assets.xcassets in Resources */,
			);
			runOnlyForDeploymentPostprocessing = 0;
		};
		21B3B6182AD9632D0034932E /* Resources */ = {
			isa = PBXResourcesBuildPhase;
			buildActionMask = 2147483647;
			files = (
			);
			runOnlyForDeploymentPostprocessing = 0;
		};
		21B3B6222AD9632D0034932E /* Resources */ = {
			isa = PBXResourcesBuildPhase;
			buildActionMask = 2147483647;
			files = (
			);
			runOnlyForDeploymentPostprocessing = 0;
		};
/* End PBXResourcesBuildPhase section */

/* Begin PBXSourcesBuildPhase section */
		21B3B6062AD9632C0034932E /* Sources */ = {
			isa = PBXSourcesBuildPhase;
			buildActionMask = 2147483647;
			files = (
				21B3B6102AD9632C0034932E /* ContentView.swift in Sources */,
				21B3B60E2AD9632C0034932E /* BalanceControlVWApp.swift in Sources */,
			);
			runOnlyForDeploymentPostprocessing = 0;
		};
		21B3B6162AD9632D0034932E /* Sources */ = {
			isa = PBXSourcesBuildPhase;
			buildActionMask = 2147483647;
			files = (
				21B3B61F2AD9632D0034932E /* BalanceControlVWTests.swift in Sources */,
			);
			runOnlyForDeploymentPostprocessing = 0;
		};
		21B3B6202AD9632D0034932E /* Sources */ = {
			isa = PBXSourcesBuildPhase;
			buildActionMask = 2147483647;
			files = (
				21B3B62B2AD9632D0034932E /* BalanceControlVWUITestsLaunchTests.swift in Sources */,
				21B3B6292AD9632D0034932E /* BalanceControlVWUITests.swift in Sources */,
			);
			runOnlyForDeploymentPostprocessing = 0;
		};
/* End PBXSourcesBuildPhase section */

/* Begin PBXTargetDependency section */
		21B3B61C2AD9632D0034932E /* PBXTargetDependency */ = {
			isa = PBXTargetDependency;
			target = 21B3B6092AD9632C0034932E /* BalanceControlVW */;
			targetProxy = 21B3B61B2AD9632D0034932E /* PBXContainerItemProxy */;
		};
		21B3B6262AD9632D0034932E /* PBXTargetDependency */ = {
			isa = PBXTargetDependency;
			target = 21B3B6092AD9632C0034932E /* BalanceControlVW */;
			targetProxy = 21B3B6252AD9632D0034932E /* PBXContainerItemProxy */;
		};
/* End PBXTargetDependency section */

/* Begin XCBuildConfiguration section */
		21B3B62C2AD9632D0034932E /* Debug */ = {
			isa = XCBuildConfiguration;
			buildSettings = {
				ALWAYS_SEARCH_USER_PATHS = NO;
				CLANG_ANALYZER_NONNULL = YES;
				CLANG_ANALYZER_NUMBER_OBJECT_CONVERSION = YES_AGGRESSIVE;
				CLANG_CXX_LANGUAGE_STANDARD = "gnu++20";
				CLANG_ENABLE_MODULES = YES;
				CLANG_ENABLE_OBJC_ARC = YES;
				CLANG_ENABLE_OBJC_WEAK = YES;
				CLANG_WARN_BLOCK_CAPTURE_AUTORELEASING = YES;
				CLANG_WARN_BOOL_CONVERSION = YES;
				CLANG_WARN_COMMA = YES;
				CLANG_WARN_CONSTANT_CONVERSION = YES;
				CLANG_WARN_DEPRECATED_OBJC_IMPLEMENTATIONS = YES;
				CLANG_WARN_DIRECT_OBJC_ISA_USAGE = YES_ERROR;
				CLANG_WARN_DOCUMENTATION_COMMENTS = YES;
				CLANG_WARN_EMPTY_BODY = YES;
				CLANG_WARN_ENUM_CONVERSION = YES;
				CLANG_WARN_INFINITE_RECURSION = YES;
				CLANG_WARN_INT_CONVERSION = YES;
				CLANG_WARN_NON_LITERAL_NULL_CONVERSION = YES;
				CLANG_WARN_OBJC_IMPLICIT_RETAIN_SELF = YES;
				CLANG_WARN_OBJC_LITERAL_CONVERSION = YES;
				CLANG_WARN_OBJC_ROOT_CLASS = YES_ERROR;
				CLANG_WARN_QUOTED_INCLUDE_IN_FRAMEWORK_HEADER = YES;
				CLANG_WARN_RANGE_LOOP_ANALYSIS = YES;
				CLANG_WARN_STRICT_PROTOTYPES = YES;
				CLANG_WARN_SUSPICIOUS_MOVE = YES;
				CLANG_WARN_UNGUARDED_AVAILABILITY = YES_AGGRESSIVE;
				CLANG_WARN_UNREACHABLE_CODE = YES;
				CLANG_WARN__DUPLICATE_METHOD_MATCH = YES;
				COPY_PHASE_STRIP = NO;
				DEBUG_INFORMATION_FORMAT = dwarf;
				ENABLE_STRICT_OBJC_MSGSEND = YES;
				ENABLE_TESTABILITY = YES;
				GCC_C_LANGUAGE_STANDARD = gnu11;
				GCC_DYNAMIC_NO_PIC = NO;
				GCC_NO_COMMON_BLOCKS = YES;
				GCC_OPTIMIZATION_LEVEL = 0;
				GCC_PREPROCESSOR_DEFINITIONS = (
					"DEBUG=1",
					"$(inherited)",
				);
				GCC_WARN_64_TO_32_BIT_CONVERSION = YES;
				GCC_WARN_ABOUT_RETURN_TYPE = YES_ERROR;
				GCC_WARN_UNDECLARED_SELECTOR = YES;
				GCC_WARN_UNINITIALIZED_AUTOS = YES_AGGRESSIVE;
				GCC_WARN_UNUSED_FUNCTION = YES;
				GCC_WARN_UNUSED_VARIABLE = YES;
				IPHONEOS_DEPLOYMENT_TARGET = 16.0;
				MTL_ENABLE_DEBUG_INFO = INCLUDE_SOURCE;
				MTL_FAST_MATH = YES;
				ONLY_ACTIVE_ARCH = YES;
				SDKROOT = iphoneos;
				SWIFT_ACTIVE_COMPILATION_CONDITIONS = DEBUG;
				SWIFT_OPTIMIZATION_LEVEL = "-Onone";
			};
			name = Debug;
		};
		21B3B62D2AD9632D0034932E /* Release */ = {
			isa = XCBuildConfiguration;
			buildSettings = {
				ALWAYS_SEARCH_USER_PATHS = NO;
				CLANG_ANALYZER_NONNULL = YES;
				CLANG_ANALYZER_NUMBER_OBJECT_CONVERSION = YES_AGGRESSIVE;
				CLANG_CXX_LANGUAGE_STANDARD = "gnu++20";
				CLANG_ENABLE_MODULES = YES;
				CLANG_ENABLE_OBJC_ARC = YES;
				CLANG_ENABLE_OBJC_WEAK = YES;
				CLANG_WARN_BLOCK_CAPTURE_AUTORELEASING = YES;
				CLANG_WARN_BOOL_CONVERSION = YES;
				CLANG_WARN_COMMA = YES;
				CLANG_WARN_CONSTANT_CONVERSION = YES;
				CLANG_WARN_DEPRECATED_OBJC_IMPLEMENTATIONS = YES;
				CLANG_WARN_DIRECT_OBJC_ISA_USAGE = YES_ERROR;
				CLANG_WARN_DOCUMENTATION_COMMENTS = YES;
				CLANG_WARN_EMPTY_BODY = YES;
				CLANG_WARN_ENUM_CONVERSION = YES;
				CLANG_WARN_INFINITE_RECURSION = YES;
				CLANG_WARN_INT_CONVERSION = YES;
				CLANG_WARN_NON_LITERAL_NULL_CONVERSION = YES;
				CLANG_WARN_OBJC_IMPLICIT_RETAIN_SELF = YES;
				CLANG_WARN_OBJC_LITERAL_CONVERSION = YES;
				CLANG_WARN_OBJC_ROOT_CLASS = YES_ERROR;
				CLANG_WARN_QUOTED_INCLUDE_IN_FRAMEWORK_HEADER = YES;
				CLANG_WARN_RANGE_LOOP_ANALYSIS = YES;
				CLANG_WARN_STRICT_PROTOTYPES = YES;
				CLANG_WARN_SUSPICIOUS_MOVE = YES;
				CLANG_WARN_UNGUARDED_AVAILABILITY = YES_AGGRESSIVE;
				CLANG_WARN_UNREACHABLE_CODE = YES;
				CLANG_WARN__DUPLICATE_METHOD_MATCH = YES;
				COPY_PHASE_STRIP = NO;
				DEBUG_INFORMATION_FORMAT = "dwarf-with-dsym";
				ENABLE_NS_ASSERTIONS = NO;
				ENABLE_STRICT_OBJC_MSGSEND = YES;
				GCC_C_LANGUAGE_STANDARD = gnu11;
				GCC_NO_COMMON_BLOCKS = YES;
				GCC_WARN_64_TO_32_BIT_CONVERSION = YES;
				GCC_WARN_ABOUT_RETURN_TYPE = YES_ERROR;
				GCC_WARN_UNDECLARED_SELECTOR = YES;
				GCC_WARN_UNINITIALIZED_AUTOS = YES_AGGRESSIVE;
				GCC_WARN_UNUSED_FUNCTION = YES;
				GCC_WARN_UNUSED_VARIABLE = YES;
				IPHONEOS_DEPLOYMENT_TARGET = 16.0;
				MTL_ENABLE_DEBUG_INFO = NO;
				MTL_FAST_MATH = YES;
				SDKROOT = iphoneos;
				SWIFT_COMPILATION_MODE = wholemodule;
				SWIFT_OPTIMIZATION_LEVEL = "-O";
				VALIDATE_PRODUCT = YES;
			};
			name = Release;
		};
		21B3B62F2AD9632D0034932E /* Debug */ = {
			isa = XCBuildConfiguration;
			buildSettings = {
				ASSETCATALOG_COMPILER_APPICON_NAME = AppIcon;
				ASSETCATALOG_COMPILER_GLOBAL_ACCENT_COLOR_NAME = AccentColor;
				CODE_SIGN_STYLE = Automatic;
				CURRENT_PROJECT_VERSION = 1;
				DEVELOPMENT_ASSET_PATHS = "\"BalanceControlVW/Preview Content\"";
				DEVELOPMENT_TEAM = SZ98LP856A;
				ENABLE_PREVIEWS = YES;
				GENERATE_INFOPLIST_FILE = YES;
				INFOPLIST_KEY_UIApplicationSceneManifest_Generation = YES;
				INFOPLIST_KEY_UIApplicationSupportsIndirectInputEvents = YES;
				INFOPLIST_KEY_UILaunchScreen_Generation = YES;
				INFOPLIST_KEY_UISupportedInterfaceOrientations_iPad = "UIInterfaceOrientationPortrait UIInterfaceOrientationPortraitUpsideDown UIInterfaceOrientationLandscapeLeft UIInterfaceOrientationLandscapeRight";
				INFOPLIST_KEY_UISupportedInterfaceOrientations_iPhone = "UIInterfaceOrientationPortrait UIInterfaceOrientationLandscapeLeft UIInterfaceOrientationLandscapeRight";
				LD_RUNPATH_SEARCH_PATHS = (
					"$(inherited)",
					"@executable_path/Frameworks",
				);
				MARKETING_VERSION = 1.0;
				PRODUCT_BUNDLE_IDENTIFIER = univRouen.BalanceControlVW;
				PRODUCT_NAME = "$(TARGET_NAME)";
				SWIFT_EMIT_LOC_STRINGS = YES;
				SWIFT_VERSION = 5.0;
				TARGETED_DEVICE_FAMILY = "1,2";
			};
			name = Debug;
		};
		21B3B6302AD9632D0034932E /* Release */ = {
			isa = XCBuildConfiguration;
			buildSettings = {
				ASSETCATALOG_COMPILER_APPICON_NAME = AppIcon;
				ASSETCATALOG_COMPILER_GLOBAL_ACCENT_COLOR_NAME = AccentColor;
				CODE_SIGN_STYLE = Automatic;
				CURRENT_PROJECT_VERSION = 1;
				DEVELOPMENT_ASSET_PATHS = "\"BalanceControlVW/Preview Content\"";
				DEVELOPMENT_TEAM = SZ98LP856A;
				ENABLE_PREVIEWS = YES;
				GENERATE_INFOPLIST_FILE = YES;
				INFOPLIST_KEY_UIApplicationSceneManifest_Generation = YES;
				INFOPLIST_KEY_UIApplicationSupportsIndirectInputEvents = YES;
				INFOPLIST_KEY_UILaunchScreen_Generation = YES;
				INFOPLIST_KEY_UISupportedInterfaceOrientations_iPad = "UIInterfaceOrientationPortrait UIInterfaceOrientationPortraitUpsideDown UIInterfaceOrientationLandscapeLeft UIInterfaceOrientationLandscapeRight";
				INFOPLIST_KEY_UISupportedInterfaceOrientations_iPhone = "UIInterfaceOrientationPortrait UIInterfaceOrientationLandscapeLeft UIInterfaceOrientationLandscapeRight";
				LD_RUNPATH_SEARCH_PATHS = (
					"$(inherited)",
					"@executable_path/Frameworks",
				);
				MARKETING_VERSION = 1.0;
				PRODUCT_BUNDLE_IDENTIFIER = univRouen.BalanceControlVW;
				PRODUCT_NAME = "$(TARGET_NAME)";
				SWIFT_EMIT_LOC_STRINGS = YES;
				SWIFT_VERSION = 5.0;
				TARGETED_DEVICE_FAMILY = "1,2";
			};
			name = Release;
		};
		21B3B6322AD9632D0034932E /* Debug */ = {
			isa = XCBuildConfiguration;
			buildSettings = {
				ALWAYS_EMBED_SWIFT_STANDARD_LIBRARIES = YES;
				BUNDLE_LOADER = "$(TEST_HOST)";
				CODE_SIGN_STYLE = Automatic;
				CURRENT_PROJECT_VERSION = 1;
				DEVELOPMENT_TEAM = SZ98LP856A;
				GENERATE_INFOPLIST_FILE = YES;
				IPHONEOS_DEPLOYMENT_TARGET = 16.0;
				MARKETING_VERSION = 1.0;
				PRODUCT_BUNDLE_IDENTIFIER = univRouen.BalanceControlVWTests;
				PRODUCT_NAME = "$(TARGET_NAME)";
				SWIFT_EMIT_LOC_STRINGS = NO;
				SWIFT_VERSION = 5.0;
				TARGETED_DEVICE_FAMILY = "1,2";
				TEST_HOST = "$(BUILT_PRODUCTS_DIR)/BalanceControlVW.app/$(BUNDLE_EXECUTABLE_FOLDER_PATH)/BalanceControlVW";
			};
			name = Debug;
		};
		21B3B6332AD9632D0034932E /* Release */ = {
			isa = XCBuildConfiguration;
			buildSettings = {
				ALWAYS_EMBED_SWIFT_STANDARD_LIBRARIES = YES;
				BUNDLE_LOADER = "$(TEST_HOST)";
				CODE_SIGN_STYLE = Automatic;
				CURRENT_PROJECT_VERSION = 1;
				DEVELOPMENT_TEAM = SZ98LP856A;
				GENERATE_INFOPLIST_FILE = YES;
				IPHONEOS_DEPLOYMENT_TARGET = 16.0;
				MARKETING_VERSION = 1.0;
				PRODUCT_BUNDLE_IDENTIFIER = univRouen.BalanceControlVWTests;
				PRODUCT_NAME = "$(TARGET_NAME)";
				SWIFT_EMIT_LOC_STRINGS = NO;
				SWIFT_VERSION = 5.0;
				TARGETED_DEVICE_FAMILY = "1,2";
				TEST_HOST = "$(BUILT_PRODUCTS_DIR)/BalanceControlVW.app/$(BUNDLE_EXECUTABLE_FOLDER_PATH)/BalanceControlVW";
			};
			name = Release;
		};
		21B3B6352AD9632D0034932E /* Debug */ = {
			isa = XCBuildConfiguration;
			buildSettings = {
				ALWAYS_EMBED_SWIFT_STANDARD_LIBRARIES = YES;
				CODE_SIGN_STYLE = Automatic;
				CURRENT_PROJECT_VERSION = 1;
				DEVELOPMENT_TEAM = SZ98LP856A;
				GENERATE_INFOPLIST_FILE = YES;
				MARKETING_VERSION = 1.0;
				PRODUCT_BUNDLE_IDENTIFIER = univRouen.BalanceControlVWUITests;
				PRODUCT_NAME = "$(TARGET_NAME)";
				SWIFT_EMIT_LOC_STRINGS = NO;
				SWIFT_VERSION = 5.0;
				TARGETED_DEVICE_FAMILY = "1,2";
				TEST_TARGET_NAME = BalanceControlVW;
			};
			name = Debug;
		};
		21B3B6362AD9632D0034932E /* Release */ = {
			isa = XCBuildConfiguration;
			buildSettings = {
				ALWAYS_EMBED_SWIFT_STANDARD_LIBRARIES = YES;
				CODE_SIGN_STYLE = Automatic;
				CURRENT_PROJECT_VERSION = 1;
				DEVELOPMENT_TEAM = SZ98LP856A;
				GENERATE_INFOPLIST_FILE = YES;
				MARKETING_VERSION = 1.0;
				PRODUCT_BUNDLE_IDENTIFIER = univRouen.BalanceControlVWUITests;
				PRODUCT_NAME = "$(TARGET_NAME)";
				SWIFT_EMIT_LOC_STRINGS = NO;
				SWIFT_VERSION = 5.0;
				TARGETED_DEVICE_FAMILY = "1,2";
				TEST_TARGET_NAME = BalanceControlVW;
			};
			name = Release;
		};
/* End XCBuildConfiguration section */

/* Begin XCConfigurationList section */
		21B3B6052AD9632C0034932E /* Build configuration list for PBXProject "BalanceControlVW" */ = {
			isa = XCConfigurationList;
			buildConfigurations = (
				21B3B62C2AD9632D0034932E /* Debug */,
				21B3B62D2AD9632D0034932E /* Release */,
			);
			defaultConfigurationIsVisible = 0;
			defaultConfigurationName = Release;
		};
		21B3B62E2AD9632D0034932E /* Build configuration list for PBXNativeTarget "BalanceControlVW" */ = {
			isa = XCConfigurationList;
			buildConfigurations = (
				21B3B62F2AD9632D0034932E /* Debug */,
				21B3B6302AD9632D0034932E /* Release */,
			);
			defaultConfigurationIsVisible = 0;
			defaultConfigurationName = Release;
		};
		21B3B6312AD9632D0034932E /* Build configuration list for PBXNativeTarget "BalanceControlVWTests" */ = {
			isa = XCConfigurationList;
			buildConfigurations = (
				21B3B6322AD9632D0034932E /* Debug */,
				21B3B6332AD9632D0034932E /* Release */,
			);
			defaultConfigurationIsVisible = 0;
			defaultConfigurationName = Release;
		};
		21B3B6342AD9632D0034932E /* Build configuration list for PBXNativeTarget "BalanceControlVWUITests" */ = {
			isa = XCConfigurationList;
			buildConfigurations = (
				21B3B6352AD9632D0034932E /* Debug */,
				21B3B6362AD9632D0034932E /* Release */,
			);
			defaultConfigurationIsVisible = 0;
			defaultConfigurationName = Release;
		};
/* End XCConfigurationList section */
	};
	rootObject = 21B3B6022AD9632C0034932E /* Project object */;
}
