// !$*UTF8*$!
{
	archiveVersion = 1;
	classes = {
	};
	objectVersion = 56;
	objects = {

/* Begin PBXBuildFile section */
		214EEEBE2AD969B400301919 /* BalanceControlVWApp.swift in Sources */ = {isa = PBXBuildFile; fileRef = 214EEEBD2AD969B400301919 /* BalanceControlVWApp.swift */; };
		214EEEC02AD969B400301919 /* ContentView.swift in Sources */ = {isa = PBXBuildFile; fileRef = 214EEEBF2AD969B400301919 /* ContentView.swift */; };
		214EEEC22AD969B400301919 /* Assets.xcassets in Resources */ = {isa = PBXBuildFile; fileRef = 214EEEC12AD969B400301919 /* Assets.xcassets */; };
		214EEEC52AD969B400301919 /* Preview Assets.xcassets in Resources */ = {isa = PBXBuildFile; fileRef = 214EEEC42AD969B400301919 /* Preview Assets.xcassets */; };
		214EEECF2AD969B500301919 /* BalanceControlVWTests.swift in Sources */ = {isa = PBXBuildFile; fileRef = 214EEECE2AD969B500301919 /* BalanceControlVWTests.swift */; };
		214EEED92AD969B500301919 /* BalanceControlVWUITests.swift in Sources */ = {isa = PBXBuildFile; fileRef = 214EEED82AD969B500301919 /* BalanceControlVWUITests.swift */; };
		214EEEDB2AD969B500301919 /* BalanceControlVWUITestsLaunchTests.swift in Sources */ = {isa = PBXBuildFile; fileRef = 214EEEDA2AD969B500301919 /* BalanceControlVWUITestsLaunchTests.swift */; };
		214EEEEB2AD96A4400301919 /* Speaker.swift in Sources */ = {isa = PBXBuildFile; fileRef = 214EEEEA2AD96A4400301919 /* Speaker.swift */; };
		214EEEED2AD96A6C00301919 /* SpeakersRepository.swift in Sources */ = {isa = PBXBuildFile; fileRef = 214EEEEC2AD96A6C00301919 /* SpeakersRepository.swift */; };
		214EEEEF2AD96A9000301919 /* SpeakerView.swift in Sources */ = {isa = PBXBuildFile; fileRef = 214EEEEE2AD96A9000301919 /* SpeakerView.swift */; };
		214EEEF12AD96AAC00301919 /* SettingsView.swift in Sources */ = {isa = PBXBuildFile; fileRef = 214EEEF02AD96AAC00301919 /* SettingsView.swift */; };
		214EEEF32AD96AC900301919 /* MixView.swift in Sources */ = {isa = PBXBuildFile; fileRef = 214EEEF22AD96AC900301919 /* MixView.swift */; };
/* End PBXBuildFile section */

/* Begin PBXContainerItemProxy section */
		214EEECB2AD969B500301919 /* PBXContainerItemProxy */ = {
			isa = PBXContainerItemProxy;
			containerPortal = 214EEEB22AD969B400301919 /* Project object */;
			proxyType = 1;
			remoteGlobalIDString = 214EEEB92AD969B400301919;
			remoteInfo = BalanceControlVW;
		};
		214EEED52AD969B500301919 /* PBXContainerItemProxy */ = {
			isa = PBXContainerItemProxy;
			containerPortal = 214EEEB22AD969B400301919 /* Project object */;
			proxyType = 1;
			remoteGlobalIDString = 214EEEB92AD969B400301919;
			remoteInfo = BalanceControlVW;
		};
/* End PBXContainerItemProxy section */

/* Begin PBXFileReference section */
		214EEEBA2AD969B400301919 /* BalanceControlVW.app */ = {isa = PBXFileReference; explicitFileType = wrapper.application; includeInIndex = 0; path = BalanceControlVW.app; sourceTree = BUILT_PRODUCTS_DIR; };
		214EEEBD2AD969B400301919 /* BalanceControlVWApp.swift */ = {isa = PBXFileReference; lastKnownFileType = sourcecode.swift; path = BalanceControlVWApp.swift; sourceTree = "<group>"; };
		214EEEBF2AD969B400301919 /* ContentView.swift */ = {isa = PBXFileReference; lastKnownFileType = sourcecode.swift; path = ContentView.swift; sourceTree = "<group>"; };
		214EEEC12AD969B400301919 /* Assets.xcassets */ = {isa = PBXFileReference; lastKnownFileType = folder.assetcatalog; path = Assets.xcassets; sourceTree = "<group>"; };
		214EEEC42AD969B400301919 /* Preview Assets.xcassets */ = {isa = PBXFileReference; lastKnownFileType = folder.assetcatalog; path = "Preview Assets.xcassets"; sourceTree = "<group>"; };
		214EEECA2AD969B500301919 /* BalanceControlVWTests.xctest */ = {isa = PBXFileReference; explicitFileType = wrapper.cfbundle; includeInIndex = 0; path = BalanceControlVWTests.xctest; sourceTree = BUILT_PRODUCTS_DIR; };
		214EEECE2AD969B500301919 /* BalanceControlVWTests.swift */ = {isa = PBXFileReference; lastKnownFileType = sourcecode.swift; path = BalanceControlVWTests.swift; sourceTree = "<group>"; };
		214EEED42AD969B500301919 /* BalanceControlVWUITests.xctest */ = {isa = PBXFileReference; explicitFileType = wrapper.cfbundle; includeInIndex = 0; path = BalanceControlVWUITests.xctest; sourceTree = BUILT_PRODUCTS_DIR; };
		214EEED82AD969B500301919 /* BalanceControlVWUITests.swift */ = {isa = PBXFileReference; lastKnownFileType = sourcecode.swift; path = BalanceControlVWUITests.swift; sourceTree = "<group>"; };
		214EEEDA2AD969B500301919 /* BalanceControlVWUITestsLaunchTests.swift */ = {isa = PBXFileReference; lastKnownFileType = sourcecode.swift; path = BalanceControlVWUITestsLaunchTests.swift; sourceTree = "<group>"; };
		214EEEEA2AD96A4400301919 /* Speaker.swift */ = {isa = PBXFileReference; lastKnownFileType = sourcecode.swift; path = Speaker.swift; sourceTree = "<group>"; };
		214EEEEC2AD96A6C00301919 /* SpeakersRepository.swift */ = {isa = PBXFileReference; lastKnownFileType = sourcecode.swift; path = SpeakersRepository.swift; sourceTree = "<group>"; };
		214EEEEE2AD96A9000301919 /* SpeakerView.swift */ = {isa = PBXFileReference; lastKnownFileType = sourcecode.swift; path = SpeakerView.swift; sourceTree = "<group>"; };
		214EEEF02AD96AAC00301919 /* SettingsView.swift */ = {isa = PBXFileReference; lastKnownFileType = sourcecode.swift; path = SettingsView.swift; sourceTree = "<group>"; };
		214EEEF22AD96AC900301919 /* MixView.swift */ = {isa = PBXFileReference; lastKnownFileType = sourcecode.swift; path = MixView.swift; sourceTree = "<group>"; };
/* End PBXFileReference section */

/* Begin PBXFrameworksBuildPhase section */
		214EEEB72AD969B400301919 /* Frameworks */ = {
			isa = PBXFrameworksBuildPhase;
			buildActionMask = 2147483647;
			files = (
			);
			runOnlyForDeploymentPostprocessing = 0;
		};
		214EEEC72AD969B500301919 /* Frameworks */ = {
			isa = PBXFrameworksBuildPhase;
			buildActionMask = 2147483647;
			files = (
			);
			runOnlyForDeploymentPostprocessing = 0;
		};
		214EEED12AD969B500301919 /* Frameworks */ = {
			isa = PBXFrameworksBuildPhase;
			buildActionMask = 2147483647;
			files = (
			);
			runOnlyForDeploymentPostprocessing = 0;
		};
/* End PBXFrameworksBuildPhase section */

/* Begin PBXGroup section */
		214EEEB12AD969B400301919 = {
			isa = PBXGroup;
			children = (
				214EEEBC2AD969B400301919 /* BalanceControlVW */,
				214EEECD2AD969B500301919 /* BalanceControlVWTests */,
				214EEED72AD969B500301919 /* BalanceControlVWUITests */,
				214EEEBB2AD969B400301919 /* Products */,
			);
			sourceTree = "<group>";
		};
		214EEEBB2AD969B400301919 /* Products */ = {
			isa = PBXGroup;
			children = (
				214EEEBA2AD969B400301919 /* BalanceControlVW.app */,
				214EEECA2AD969B500301919 /* BalanceControlVWTests.xctest */,
				214EEED42AD969B500301919 /* BalanceControlVWUITests.xctest */,
			);
			name = Products;
			sourceTree = "<group>";
		};
		214EEEBC2AD969B400301919 /* BalanceControlVW */ = {
			isa = PBXGroup;
			children = (
				214EEEE92AD96A2F00301919 /* Data */,
				214EEEE82AD96A2800301919 /* Repository */,
				214EEEE72AD96A2000301919 /* View */,
				214EEEBD2AD969B400301919 /* BalanceControlVWApp.swift */,
				214EEEBF2AD969B400301919 /* ContentView.swift */,
				214EEEC12AD969B400301919 /* Assets.xcassets */,
				214EEEC32AD969B400301919 /* Preview Content */,
			);
			path = BalanceControlVW;
			sourceTree = "<group>";
		};
		214EEEC32AD969B400301919 /* Preview Content */ = {
			isa = PBXGroup;
			children = (
				214EEEC42AD969B400301919 /* Preview Assets.xcassets */,
			);
			path = "Preview Content";
			sourceTree = "<group>";
		};
		214EEECD2AD969B500301919 /* BalanceControlVWTests */ = {
			isa = PBXGroup;
			children = (
				214EEECE2AD969B500301919 /* BalanceControlVWTests.swift */,
			);
			path = BalanceControlVWTests;
			sourceTree = "<group>";
		};
		214EEED72AD969B500301919 /* BalanceControlVWUITests */ = {
			isa = PBXGroup;
			children = (
				214EEED82AD969B500301919 /* BalanceControlVWUITests.swift */,
				214EEEDA2AD969B500301919 /* BalanceControlVWUITestsLaunchTests.swift */,
			);
			path = BalanceControlVWUITests;
			sourceTree = "<group>";
		};
		214EEEE72AD96A2000301919 /* View */ = {
			isa = PBXGroup;
			children = (
				214EEEEE2AD96A9000301919 /* SpeakerView.swift */,
				214EEEF02AD96AAC00301919 /* SettingsView.swift */,
				214EEEF22AD96AC900301919 /* MixView.swift */,
			);
			path = View;
			sourceTree = "<group>";
		};
		214EEEE82AD96A2800301919 /* Repository */ = {
			isa = PBXGroup;
			children = (
				214EEEEC2AD96A6C00301919 /* SpeakersRepository.swift */,
			);
			path = Repository;
			sourceTree = "<group>";
		};
		214EEEE92AD96A2F00301919 /* Data */ = {
			isa = PBXGroup;
			children = (
				214EEEEA2AD96A4400301919 /* Speaker.swift */,
			);
			path = Data;
			sourceTree = "<group>";
		};
/* End PBXGroup section */

/* Begin PBXNativeTarget section */
		214EEEB92AD969B400301919 /* BalanceControlVW */ = {
			isa = PBXNativeTarget;
			buildConfigurationList = 214EEEDE2AD969B500301919 /* Build configuration list for PBXNativeTarget "BalanceControlVW" */;
			buildPhases = (
				214EEEB62AD969B400301919 /* Sources */,
				214EEEB72AD969B400301919 /* Frameworks */,
				214EEEB82AD969B400301919 /* Resources */,
			);
			buildRules = (
			);
			dependencies = (
			);
			name = BalanceControlVW;
			productName = BalanceControlVW;
			productReference = 214EEEBA2AD969B400301919 /* BalanceControlVW.app */;
			productType = "com.apple.product-type.application";
		};
		214EEEC92AD969B500301919 /* BalanceControlVWTests */ = {
			isa = PBXNativeTarget;
			buildConfigurationList = 214EEEE12AD969B500301919 /* Build configuration list for PBXNativeTarget "BalanceControlVWTests" */;
			buildPhases = (
				214EEEC62AD969B500301919 /* Sources */,
				214EEEC72AD969B500301919 /* Frameworks */,
				214EEEC82AD969B500301919 /* Resources */,
			);
			buildRules = (
			);
			dependencies = (
				214EEECC2AD969B500301919 /* PBXTargetDependency */,
			);
			name = BalanceControlVWTests;
			productName = BalanceControlVWTests;
			productReference = 214EEECA2AD969B500301919 /* BalanceControlVWTests.xctest */;
			productType = "com.apple.product-type.bundle.unit-test";
		};
		214EEED32AD969B500301919 /* BalanceControlVWUITests */ = {
			isa = PBXNativeTarget;
			buildConfigurationList = 214EEEE42AD969B500301919 /* Build configuration list for PBXNativeTarget "BalanceControlVWUITests" */;
			buildPhases = (
				214EEED02AD969B500301919 /* Sources */,
				214EEED12AD969B500301919 /* Frameworks */,
				214EEED22AD969B500301919 /* Resources */,
			);
			buildRules = (
			);
			dependencies = (
				214EEED62AD969B500301919 /* PBXTargetDependency */,
			);
			name = BalanceControlVWUITests;
			productName = BalanceControlVWUITests;
			productReference = 214EEED42AD969B500301919 /* BalanceControlVWUITests.xctest */;
			productType = "com.apple.product-type.bundle.ui-testing";
		};
/* End PBXNativeTarget section */

/* Begin PBXProject section */
		214EEEB22AD969B400301919 /* Project object */ = {
			isa = PBXProject;
			attributes = {
				BuildIndependentTargetsInParallel = 1;
				LastSwiftUpdateCheck = 1400;
				LastUpgradeCheck = 1400;
				TargetAttributes = {
					214EEEB92AD969B400301919 = {
						CreatedOnToolsVersion = 14.0;
					};
					214EEEC92AD969B500301919 = {
						CreatedOnToolsVersion = 14.0;
						TestTargetID = 214EEEB92AD969B400301919;
					};
					214EEED32AD969B500301919 = {
						CreatedOnToolsVersion = 14.0;
						TestTargetID = 214EEEB92AD969B400301919;
					};
				};
			};
			buildConfigurationList = 214EEEB52AD969B400301919 /* Build configuration list for PBXProject "BalanceControlVW" */;
			compatibilityVersion = "Xcode 14.0";
			developmentRegion = en;
			hasScannedForEncodings = 0;
			knownRegions = (
				en,
				Base,
			);
			mainGroup = 214EEEB12AD969B400301919;
			productRefGroup = 214EEEBB2AD969B400301919 /* Products */;
			projectDirPath = "";
			projectRoot = "";
			targets = (
				214EEEB92AD969B400301919 /* BalanceControlVW */,
				214EEEC92AD969B500301919 /* BalanceControlVWTests */,
				214EEED32AD969B500301919 /* BalanceControlVWUITests */,
			);
		};
/* End PBXProject section */

/* Begin PBXResourcesBuildPhase section */
		214EEEB82AD969B400301919 /* Resources */ = {
			isa = PBXResourcesBuildPhase;
			buildActionMask = 2147483647;
			files = (
				214EEEC52AD969B400301919 /* Preview Assets.xcassets in Resources */,
				214EEEC22AD969B400301919 /* Assets.xcassets in Resources */,
			);
			runOnlyForDeploymentPostprocessing = 0;
		};
		214EEEC82AD969B500301919 /* Resources */ = {
			isa = PBXResourcesBuildPhase;
			buildActionMask = 2147483647;
			files = (
			);
			runOnlyForDeploymentPostprocessing = 0;
		};
		214EEED22AD969B500301919 /* Resources */ = {
			isa = PBXResourcesBuildPhase;
			buildActionMask = 2147483647;
			files = (
			);
			runOnlyForDeploymentPostprocessing = 0;
		};
/* End PBXResourcesBuildPhase section */

/* Begin PBXSourcesBuildPhase section */
		214EEEB62AD969B400301919 /* Sources */ = {
			isa = PBXSourcesBuildPhase;
			buildActionMask = 2147483647;
			files = (
				214EEEEB2AD96A4400301919 /* Speaker.swift in Sources */,
				214EEEED2AD96A6C00301919 /* SpeakersRepository.swift in Sources */,
				214EEEC02AD969B400301919 /* ContentView.swift in Sources */,
				214EEEF12AD96AAC00301919 /* SettingsView.swift in Sources */,
				214EEEF32AD96AC900301919 /* MixView.swift in Sources */,
				214EEEBE2AD969B400301919 /* BalanceControlVWApp.swift in Sources */,
				214EEEEF2AD96A9000301919 /* SpeakerView.swift in Sources */,
			);
			runOnlyForDeploymentPostprocessing = 0;
		};
		214EEEC62AD969B500301919 /* Sources */ = {
			isa = PBXSourcesBuildPhase;
			buildActionMask = 2147483647;
			files = (
				214EEECF2AD969B500301919 /* BalanceControlVWTests.swift in Sources */,
			);
			runOnlyForDeploymentPostprocessing = 0;
		};
		214EEED02AD969B500301919 /* Sources */ = {
			isa = PBXSourcesBuildPhase;
			buildActionMask = 2147483647;
			files = (
				214EEEDB2AD969B500301919 /* BalanceControlVWUITestsLaunchTests.swift in Sources */,
				214EEED92AD969B500301919 /* BalanceControlVWUITests.swift in Sources */,
			);
			runOnlyForDeploymentPostprocessing = 0;
		};
/* End PBXSourcesBuildPhase section */

/* Begin PBXTargetDependency section */
		214EEECC2AD969B500301919 /* PBXTargetDependency */ = {
			isa = PBXTargetDependency;
			target = 214EEEB92AD969B400301919 /* BalanceControlVW */;
			targetProxy = 214EEECB2AD969B500301919 /* PBXContainerItemProxy */;
		};
		214EEED62AD969B500301919 /* PBXTargetDependency */ = {
			isa = PBXTargetDependency;
			target = 214EEEB92AD969B400301919 /* BalanceControlVW */;
			targetProxy = 214EEED52AD969B500301919 /* PBXContainerItemProxy */;
		};
/* End PBXTargetDependency section */

/* Begin XCBuildConfiguration section */
		214EEEDC2AD969B500301919 /* Debug */ = {
			isa = XCBuildConfiguration;
			buildSettings = {
				ALWAYS_SEARCH_USER_PATHS = NO;
				CLANG_ANALYZER_NONNULL = YES;
				CLANG_ANALYZER_NUMBER_OBJECT_CONVERSION = YES_AGGRESSIVE;
				CLANG_CXX_LANGUAGE_STANDARD = "gnu++20";
				CLANG_ENABLE_MODULES = YES;
				CLANG_ENABLE_OBJC_ARC = YES;
				CLANG_ENABLE_OBJC_WEAK = YES;
				CLANG_WARN_BLOCK_CAPTURE_AUTORELEASING = YES;
				CLANG_WARN_BOOL_CONVERSION = YES;
				CLANG_WARN_COMMA = YES;
				CLANG_WARN_CONSTANT_CONVERSION = YES;
				CLANG_WARN_DEPRECATED_OBJC_IMPLEMENTATIONS = YES;
				CLANG_WARN_DIRECT_OBJC_ISA_USAGE = YES_ERROR;
				CLANG_WARN_DOCUMENTATION_COMMENTS = YES;
				CLANG_WARN_EMPTY_BODY = YES;
				CLANG_WARN_ENUM_CONVERSION = YES;
				CLANG_WARN_INFINITE_RECURSION = YES;
				CLANG_WARN_INT_CONVERSION = YES;
				CLANG_WARN_NON_LITERAL_NULL_CONVERSION = YES;
				CLANG_WARN_OBJC_IMPLICIT_RETAIN_SELF = YES;
				CLANG_WARN_OBJC_LITERAL_CONVERSION = YES;
				CLANG_WARN_OBJC_ROOT_CLASS = YES_ERROR;
				CLANG_WARN_QUOTED_INCLUDE_IN_FRAMEWORK_HEADER = YES;
				CLANG_WARN_RANGE_LOOP_ANALYSIS = YES;
				CLANG_WARN_STRICT_PROTOTYPES = YES;
				CLANG_WARN_SUSPICIOUS_MOVE = YES;
				CLANG_WARN_UNGUARDED_AVAILABILITY = YES_AGGRESSIVE;
				CLANG_WARN_UNREACHABLE_CODE = YES;
				CLANG_WARN__DUPLICATE_METHOD_MATCH = YES;
				COPY_PHASE_STRIP = NO;
				DEBUG_INFORMATION_FORMAT = dwarf;
				ENABLE_STRICT_OBJC_MSGSEND = YES;
				ENABLE_TESTABILITY = YES;
				GCC_C_LANGUAGE_STANDARD = gnu11;
				GCC_DYNAMIC_NO_PIC = NO;
				GCC_NO_COMMON_BLOCKS = YES;
				GCC_OPTIMIZATION_LEVEL = 0;
				GCC_PREPROCESSOR_DEFINITIONS = (
					"DEBUG=1",
					"$(inherited)",
				);
				GCC_WARN_64_TO_32_BIT_CONVERSION = YES;
				GCC_WARN_ABOUT_RETURN_TYPE = YES_ERROR;
				GCC_WARN_UNDECLARED_SELECTOR = YES;
				GCC_WARN_UNINITIALIZED_AUTOS = YES_AGGRESSIVE;
				GCC_WARN_UNUSED_FUNCTION = YES;
				GCC_WARN_UNUSED_VARIABLE = YES;
				IPHONEOS_DEPLOYMENT_TARGET = 16.0;
				MTL_ENABLE_DEBUG_INFO = INCLUDE_SOURCE;
				MTL_FAST_MATH = YES;
				ONLY_ACTIVE_ARCH = YES;
				SDKROOT = iphoneos;
				SWIFT_ACTIVE_COMPILATION_CONDITIONS = DEBUG;
				SWIFT_OPTIMIZATION_LEVEL = "-Onone";
			};
			name = Debug;
		};
		214EEEDD2AD969B500301919 /* Release */ = {
			isa = XCBuildConfiguration;
			buildSettings = {
				ALWAYS_SEARCH_USER_PATHS = NO;
				CLANG_ANALYZER_NONNULL = YES;
				CLANG_ANALYZER_NUMBER_OBJECT_CONVERSION = YES_AGGRESSIVE;
				CLANG_CXX_LANGUAGE_STANDARD = "gnu++20";
				CLANG_ENABLE_MODULES = YES;
				CLANG_ENABLE_OBJC_ARC = YES;
				CLANG_ENABLE_OBJC_WEAK = YES;
				CLANG_WARN_BLOCK_CAPTURE_AUTORELEASING = YES;
				CLANG_WARN_BOOL_CONVERSION = YES;
				CLANG_WARN_COMMA = YES;
				CLANG_WARN_CONSTANT_CONVERSION = YES;
				CLANG_WARN_DEPRECATED_OBJC_IMPLEMENTATIONS = YES;
				CLANG_WARN_DIRECT_OBJC_ISA_USAGE = YES_ERROR;
				CLANG_WARN_DOCUMENTATION_COMMENTS = YES;
				CLANG_WARN_EMPTY_BODY = YES;
				CLANG_WARN_ENUM_CONVERSION = YES;
				CLANG_WARN_INFINITE_RECURSION = YES;
				CLANG_WARN_INT_CONVERSION = YES;
				CLANG_WARN_NON_LITERAL_NULL_CONVERSION = YES;
				CLANG_WARN_OBJC_IMPLICIT_RETAIN_SELF = YES;
				CLANG_WARN_OBJC_LITERAL_CONVERSION = YES;
				CLANG_WARN_OBJC_ROOT_CLASS = YES_ERROR;
				CLANG_WARN_QUOTED_INCLUDE_IN_FRAMEWORK_HEADER = YES;
				CLANG_WARN_RANGE_LOOP_ANALYSIS = YES;
				CLANG_WARN_STRICT_PROTOTYPES = YES;
				CLANG_WARN_SUSPICIOUS_MOVE = YES;
				CLANG_WARN_UNGUARDED_AVAILABILITY = YES_AGGRESSIVE;
				CLANG_WARN_UNREACHABLE_CODE = YES;
				CLANG_WARN__DUPLICATE_METHOD_MATCH = YES;
				COPY_PHASE_STRIP = NO;
				DEBUG_INFORMATION_FORMAT = "dwarf-with-dsym";
				ENABLE_NS_ASSERTIONS = NO;
				ENABLE_STRICT_OBJC_MSGSEND = YES;
				GCC_C_LANGUAGE_STANDARD = gnu11;
				GCC_NO_COMMON_BLOCKS = YES;
				GCC_WARN_64_TO_32_BIT_CONVERSION = YES;
				GCC_WARN_ABOUT_RETURN_TYPE = YES_ERROR;
				GCC_WARN_UNDECLARED_SELECTOR = YES;
				GCC_WARN_UNINITIALIZED_AUTOS = YES_AGGRESSIVE;
				GCC_WARN_UNUSED_FUNCTION = YES;
				GCC_WARN_UNUSED_VARIABLE = YES;
				IPHONEOS_DEPLOYMENT_TARGET = 16.0;
				MTL_ENABLE_DEBUG_INFO = NO;
				MTL_FAST_MATH = YES;
				SDKROOT = iphoneos;
				SWIFT_COMPILATION_MODE = wholemodule;
				SWIFT_OPTIMIZATION_LEVEL = "-O";
				VALIDATE_PRODUCT = YES;
			};
			name = Release;
		};
		214EEEDF2AD969B500301919 /* Debug */ = {
			isa = XCBuildConfiguration;
			buildSettings = {
				ASSETCATALOG_COMPILER_APPICON_NAME = AppIcon;
				ASSETCATALOG_COMPILER_GLOBAL_ACCENT_COLOR_NAME = AccentColor;
				CODE_SIGN_STYLE = Automatic;
				CURRENT_PROJECT_VERSION = 1;
				DEVELOPMENT_ASSET_PATHS = "\"BalanceControlVW/Preview Content\"";
				DEVELOPMENT_TEAM = SZ98LP856A;
				ENABLE_PREVIEWS = YES;
				GENERATE_INFOPLIST_FILE = YES;
				INFOPLIST_KEY_UIApplicationSceneManifest_Generation = YES;
				INFOPLIST_KEY_UIApplicationSupportsIndirectInputEvents = YES;
				INFOPLIST_KEY_UILaunchScreen_Generation = YES;
				INFOPLIST_KEY_UISupportedInterfaceOrientations_iPad = "UIInterfaceOrientationPortrait UIInterfaceOrientationPortraitUpsideDown UIInterfaceOrientationLandscapeLeft UIInterfaceOrientationLandscapeRight";
				INFOPLIST_KEY_UISupportedInterfaceOrientations_iPhone = "UIInterfaceOrientationPortrait UIInterfaceOrientationLandscapeLeft UIInterfaceOrientationLandscapeRight";
				LD_RUNPATH_SEARCH_PATHS = (
					"$(inherited)",
					"@executable_path/Frameworks",
				);
				MARKETING_VERSION = 1.0;
				PRODUCT_BUNDLE_IDENTIFIER = univRouen.BalanceControlVW;
				PRODUCT_NAME = "$(TARGET_NAME)";
				SWIFT_EMIT_LOC_STRINGS = YES;
				SWIFT_VERSION = 5.0;
				TARGETED_DEVICE_FAMILY = "1,2";
			};
			name = Debug;
		};
		214EEEE02AD969B500301919 /* Release */ = {
			isa = XCBuildConfiguration;
			buildSettings = {
				ASSETCATALOG_COMPILER_APPICON_NAME = AppIcon;
				ASSETCATALOG_COMPILER_GLOBAL_ACCENT_COLOR_NAME = AccentColor;
				CODE_SIGN_STYLE = Automatic;
				CURRENT_PROJECT_VERSION = 1;
				DEVELOPMENT_ASSET_PATHS = "\"BalanceControlVW/Preview Content\"";
				DEVELOPMENT_TEAM = SZ98LP856A;
				ENABLE_PREVIEWS = YES;
				GENERATE_INFOPLIST_FILE = YES;
				INFOPLIST_KEY_UIApplicationSceneManifest_Generation = YES;
				INFOPLIST_KEY_UIApplicationSupportsIndirectInputEvents = YES;
				INFOPLIST_KEY_UILaunchScreen_Generation = YES;
				INFOPLIST_KEY_UISupportedInterfaceOrientations_iPad = "UIInterfaceOrientationPortrait UIInterfaceOrientationPortraitUpsideDown UIInterfaceOrientationLandscapeLeft UIInterfaceOrientationLandscapeRight";
				INFOPLIST_KEY_UISupportedInterfaceOrientations_iPhone = "UIInterfaceOrientationPortrait UIInterfaceOrientationLandscapeLeft UIInterfaceOrientationLandscapeRight";
				LD_RUNPATH_SEARCH_PATHS = (
					"$(inherited)",
					"@executable_path/Frameworks",
				);
				MARKETING_VERSION = 1.0;
				PRODUCT_BUNDLE_IDENTIFIER = univRouen.BalanceControlVW;
				PRODUCT_NAME = "$(TARGET_NAME)";
				SWIFT_EMIT_LOC_STRINGS = YES;
				SWIFT_VERSION = 5.0;
				TARGETED_DEVICE_FAMILY = "1,2";
			};
			name = Release;
		};
		214EEEE22AD969B500301919 /* Debug */ = {
			isa = XCBuildConfiguration;
			buildSettings = {
				ALWAYS_EMBED_SWIFT_STANDARD_LIBRARIES = YES;
				BUNDLE_LOADER = "$(TEST_HOST)";
				CODE_SIGN_STYLE = Automatic;
				CURRENT_PROJECT_VERSION = 1;
				DEVELOPMENT_TEAM = SZ98LP856A;
				GENERATE_INFOPLIST_FILE = YES;
				IPHONEOS_DEPLOYMENT_TARGET = 16.0;
				MARKETING_VERSION = 1.0;
				PRODUCT_BUNDLE_IDENTIFIER = univRouen.BalanceControlVWTests;
				PRODUCT_NAME = "$(TARGET_NAME)";
				SWIFT_EMIT_LOC_STRINGS = NO;
				SWIFT_VERSION = 5.0;
				TARGETED_DEVICE_FAMILY = "1,2";
				TEST_HOST = "$(BUILT_PRODUCTS_DIR)/BalanceControlVW.app/$(BUNDLE_EXECUTABLE_FOLDER_PATH)/BalanceControlVW";
			};
			name = Debug;
		};
		214EEEE32AD969B500301919 /* Release */ = {
			isa = XCBuildConfiguration;
			buildSettings = {
				ALWAYS_EMBED_SWIFT_STANDARD_LIBRARIES = YES;
				BUNDLE_LOADER = "$(TEST_HOST)";
				CODE_SIGN_STYLE = Automatic;
				CURRENT_PROJECT_VERSION = 1;
				DEVELOPMENT_TEAM = SZ98LP856A;
				GENERATE_INFOPLIST_FILE = YES;
				IPHONEOS_DEPLOYMENT_TARGET = 16.0;
				MARKETING_VERSION = 1.0;
				PRODUCT_BUNDLE_IDENTIFIER = univRouen.BalanceControlVWTests;
				PRODUCT_NAME = "$(TARGET_NAME)";
				SWIFT_EMIT_LOC_STRINGS = NO;
				SWIFT_VERSION = 5.0;
				TARGETED_DEVICE_FAMILY = "1,2";
				TEST_HOST = "$(BUILT_PRODUCTS_DIR)/BalanceControlVW.app/$(BUNDLE_EXECUTABLE_FOLDER_PATH)/BalanceControlVW";
			};
			name = Release;
		};
		214EEEE52AD969B500301919 /* Debug */ = {
			isa = XCBuildConfiguration;
			buildSettings = {
				ALWAYS_EMBED_SWIFT_STANDARD_LIBRARIES = YES;
				CODE_SIGN_STYLE = Automatic;
				CURRENT_PROJECT_VERSION = 1;
				DEVELOPMENT_TEAM = SZ98LP856A;
				GENERATE_INFOPLIST_FILE = YES;
				MARKETING_VERSION = 1.0;
				PRODUCT_BUNDLE_IDENTIFIER = univRouen.BalanceControlVWUITests;
				PRODUCT_NAME = "$(TARGET_NAME)";
				SWIFT_EMIT_LOC_STRINGS = NO;
				SWIFT_VERSION = 5.0;
				TARGETED_DEVICE_FAMILY = "1,2";
				TEST_TARGET_NAME = BalanceControlVW;
			};
			name = Debug;
		};
		214EEEE62AD969B500301919 /* Release */ = {
			isa = XCBuildConfiguration;
			buildSettings = {
				ALWAYS_EMBED_SWIFT_STANDARD_LIBRARIES = YES;
				CODE_SIGN_STYLE = Automatic;
				CURRENT_PROJECT_VERSION = 1;
				DEVELOPMENT_TEAM = SZ98LP856A;
				GENERATE_INFOPLIST_FILE = YES;
				MARKETING_VERSION = 1.0;
				PRODUCT_BUNDLE_IDENTIFIER = univRouen.BalanceControlVWUITests;
				PRODUCT_NAME = "$(TARGET_NAME)";
				SWIFT_EMIT_LOC_STRINGS = NO;
				SWIFT_VERSION = 5.0;
				TARGETED_DEVICE_FAMILY = "1,2";
				TEST_TARGET_NAME = BalanceControlVW;
			};
			name = Release;
		};
/* End XCBuildConfiguration section */

/* Begin XCConfigurationList section */
		214EEEB52AD969B400301919 /* Build configuration list for PBXProject "BalanceControlVW" */ = {
			isa = XCConfigurationList;
			buildConfigurations = (
				214EEEDC2AD969B500301919 /* Debug */,
				214EEEDD2AD969B500301919 /* Release */,
			);
			defaultConfigurationIsVisible = 0;
			defaultConfigurationName = Release;
		};
		214EEEDE2AD969B500301919 /* Build configuration list for PBXNativeTarget "BalanceControlVW" */ = {
			isa = XCConfigurationList;
			buildConfigurations = (
				214EEEDF2AD969B500301919 /* Debug */,
				214EEEE02AD969B500301919 /* Release */,
			);
			defaultConfigurationIsVisible = 0;
			defaultConfigurationName = Release;
		};
		214EEEE12AD969B500301919 /* Build configuration list for PBXNativeTarget "BalanceControlVWTests" */ = {
			isa = XCConfigurationList;
			buildConfigurations = (
				214EEEE22AD969B500301919 /* Debug */,
				214EEEE32AD969B500301919 /* Release */,
			);
			defaultConfigurationIsVisible = 0;
			defaultConfigurationName = Release;
		};
		214EEEE42AD969B500301919 /* Build configuration list for PBXNativeTarget "BalanceControlVWUITests" */ = {
			isa = XCConfigurationList;
			buildConfigurations = (
				214EEEE52AD969B500301919 /* Debug */,
				214EEEE62AD969B500301919 /* Release */,
			);
			defaultConfigurationIsVisible = 0;
			defaultConfigurationName = Release;
		};
/* End XCConfigurationList section */
	};
	rootObject = 214EEEB22AD969B400301919 /* Project object */;
}
